// !$*UTF8*$!
{
	archiveVersion = 1;
	classes = {
	};
	objectVersion = 46;
	objects = {

/* Begin PBXBuildFile section */
		735EF2C11BA60257009D0923 /* main.m in Sources */ = {isa = PBXBuildFile; fileRef = 735EF2C01BA60257009D0923 /* main.m */; };
		735EF2C41BA60257009D0923 /* AppDelegate.m in Sources */ = {isa = PBXBuildFile; fileRef = 735EF2C31BA60257009D0923 /* AppDelegate.m */; };
		735EF2C71BA60257009D0923 /* gamechanger.xcdatamodeld in Sources */ = {isa = PBXBuildFile; fileRef = 735EF2C51BA60257009D0923 /* gamechanger.xcdatamodeld */; };
		735EF2CA1BA60257009D0923 /* ViewController.m in Sources */ = {isa = PBXBuildFile; fileRef = 735EF2C91BA60257009D0923 /* ViewController.m */; };
		735EF2CD1BA60257009D0923 /* Main.storyboard in Resources */ = {isa = PBXBuildFile; fileRef = 735EF2CB1BA60257009D0923 /* Main.storyboard */; };
		735EF2CF1BA60257009D0923 /* Images.xcassets in Resources */ = {isa = PBXBuildFile; fileRef = 735EF2CE1BA60257009D0923 /* Images.xcassets */; };
		735EF2D21BA60257009D0923 /* LaunchScreen.xib in Resources */ = {isa = PBXBuildFile; fileRef = 735EF2D01BA60257009D0923 /* LaunchScreen.xib */; };
		735EF2DE1BA60257009D0923 /* gamechangerTests.m in Sources */ = {isa = PBXBuildFile; fileRef = 735EF2DD1BA60257009D0923 /* gamechangerTests.m */; };
		735EF2EC1BA62015009D0923 /* DefaultFlowLayout.m in Sources */ = {isa = PBXBuildFile; fileRef = 735EF2EB1BA62015009D0923 /* DefaultFlowLayout.m */; };
		735EF2F01BA6224D009D0923 /* GameCollectionViewCell.m in Sources */ = {isa = PBXBuildFile; fileRef = 735EF2EE1BA6224D009D0923 /* GameCollectionViewCell.m */; };
		735EF2F41BA629AC009D0923 /* Game.m in Sources */ = {isa = PBXBuildFile; fileRef = 735EF2F31BA629AC009D0923 /* Game.m */; };
		735EF2F71BA63691009D0923 /* NetworkHelper.m in Sources */ = {isa = PBXBuildFile; fileRef = 735EF2F61BA63691009D0923 /* NetworkHelper.m */; };
		BCD00F1416F819E7B280A4CC /* Pods_gamechanger.framework in Frameworks */ = {isa = PBXBuildFile; fileRef = 0EC3EF48E6CBF067ACCD7343 /* Pods_gamechanger.framework */; settings = {ATTRIBUTES = (Weak, ); }; };
		BE8536381BC98A3700572D01 /* Games.swift in Sources */ = {isa = PBXBuildFile; fileRef = BE8536371BC98A3700572D01 /* Games.swift */; settings = {ASSET_TAGS = (); }; };
		BE85363A1BC98A3E00572D01 /* Networking.swift in Sources */ = {isa = PBXBuildFile; fileRef = BE8536391BC98A3E00572D01 /* Networking.swift */; settings = {ASSET_TAGS = (); }; };
/* End PBXBuildFile section */

/* Begin PBXContainerItemProxy section */
		735EF2D81BA60257009D0923 /* PBXContainerItemProxy */ = {
			isa = PBXContainerItemProxy;
			containerPortal = 735EF2B31BA60257009D0923 /* Project object */;
			proxyType = 1;
			remoteGlobalIDString = 735EF2BA1BA60257009D0923;
			remoteInfo = gamechanger;
		};
/* End PBXContainerItemProxy section */

/* Begin PBXFileReference section */
		0EC3EF48E6CBF067ACCD7343 /* Pods_gamechanger.framework */ = {isa = PBXFileReference; explicitFileType = wrapper.framework; includeInIndex = 0; path = Pods_gamechanger.framework; sourceTree = BUILT_PRODUCTS_DIR; };
		419DFB6CE0EE977A140A3BC6 /* Pods-gamechanger.release.xcconfig */ = {isa = PBXFileReference; includeInIndex = 1; lastKnownFileType = text.xcconfig; name = "Pods-gamechanger.release.xcconfig"; path = "Pods/Target Support Files/Pods-gamechanger/Pods-gamechanger.release.xcconfig"; sourceTree = "<group>"; };
		735EF2BB1BA60257009D0923 /* gamechanger.app */ = {isa = PBXFileReference; explicitFileType = wrapper.application; includeInIndex = 0; path = gamechanger.app; sourceTree = BUILT_PRODUCTS_DIR; };
		735EF2BF1BA60257009D0923 /* Info.plist */ = {isa = PBXFileReference; lastKnownFileType = text.plist.xml; path = Info.plist; sourceTree = "<group>"; };
		735EF2C01BA60257009D0923 /* main.m */ = {isa = PBXFileReference; lastKnownFileType = sourcecode.c.objc; path = main.m; sourceTree = "<group>"; };
		735EF2C21BA60257009D0923 /* AppDelegate.h */ = {isa = PBXFileReference; lastKnownFileType = sourcecode.c.h; path = AppDelegate.h; sourceTree = "<group>"; };
		735EF2C31BA60257009D0923 /* AppDelegate.m */ = {isa = PBXFileReference; lastKnownFileType = sourcecode.c.objc; path = AppDelegate.m; sourceTree = "<group>"; };
		735EF2C61BA60257009D0923 /* gamechanger.xcdatamodel */ = {isa = PBXFileReference; lastKnownFileType = wrapper.xcdatamodel; path = gamechanger.xcdatamodel; sourceTree = "<group>"; };
		735EF2C81BA60257009D0923 /* ViewController.h */ = {isa = PBXFileReference; lastKnownFileType = sourcecode.c.h; path = ViewController.h; sourceTree = "<group>"; };
		735EF2C91BA60257009D0923 /* ViewController.m */ = {isa = PBXFileReference; lastKnownFileType = sourcecode.c.objc; path = ViewController.m; sourceTree = "<group>"; };
		735EF2CC1BA60257009D0923 /* Base */ = {isa = PBXFileReference; lastKnownFileType = file.storyboard; name = Base; path = Base.lproj/Main.storyboard; sourceTree = "<group>"; };
		735EF2CE1BA60257009D0923 /* Images.xcassets */ = {isa = PBXFileReference; lastKnownFileType = folder.assetcatalog; path = Images.xcassets; sourceTree = "<group>"; };
		735EF2D11BA60257009D0923 /* Base */ = {isa = PBXFileReference; lastKnownFileType = file.xib; name = Base; path = Base.lproj/LaunchScreen.xib; sourceTree = "<group>"; };
		735EF2D71BA60257009D0923 /* gamechangerTests.xctest */ = {isa = PBXFileReference; explicitFileType = wrapper.cfbundle; includeInIndex = 0; path = gamechangerTests.xctest; sourceTree = BUILT_PRODUCTS_DIR; };
		735EF2DC1BA60257009D0923 /* Info.plist */ = {isa = PBXFileReference; lastKnownFileType = text.plist.xml; path = Info.plist; sourceTree = "<group>"; };
		735EF2DD1BA60257009D0923 /* gamechangerTests.m */ = {isa = PBXFileReference; lastKnownFileType = sourcecode.c.objc; path = gamechangerTests.m; sourceTree = "<group>"; };
		735EF2EA1BA62015009D0923 /* DefaultFlowLayout.h */ = {isa = PBXFileReference; fileEncoding = 4; lastKnownFileType = sourcecode.c.h; path = DefaultFlowLayout.h; sourceTree = "<group>"; };
		735EF2EB1BA62015009D0923 /* DefaultFlowLayout.m */ = {isa = PBXFileReference; fileEncoding = 4; lastKnownFileType = sourcecode.c.objc; path = DefaultFlowLayout.m; sourceTree = "<group>"; };
		735EF2ED1BA6224C009D0923 /* GameCollectionViewCell.h */ = {isa = PBXFileReference; fileEncoding = 4; lastKnownFileType = sourcecode.c.h; path = GameCollectionViewCell.h; sourceTree = "<group>"; };
		735EF2EE1BA6224D009D0923 /* GameCollectionViewCell.m */ = {isa = PBXFileReference; fileEncoding = 4; lastKnownFileType = sourcecode.c.objc; path = GameCollectionViewCell.m; sourceTree = "<group>"; };
		735EF2F21BA629AC009D0923 /* Game.h */ = {isa = PBXFileReference; fileEncoding = 4; lastKnownFileType = sourcecode.c.h; path = Game.h; sourceTree = "<group>"; };
		735EF2F31BA629AC009D0923 /* Game.m */ = {isa = PBXFileReference; fileEncoding = 4; lastKnownFileType = sourcecode.c.objc; path = Game.m; sourceTree = "<group>"; };
		735EF2F51BA63691009D0923 /* NetworkHelper.h */ = {isa = PBXFileReference; fileEncoding = 4; lastKnownFileType = sourcecode.c.h; path = NetworkHelper.h; sourceTree = "<group>"; };
		735EF2F61BA63691009D0923 /* NetworkHelper.m */ = {isa = PBXFileReference; fileEncoding = 4; lastKnownFileType = sourcecode.c.objc; path = NetworkHelper.m; sourceTree = "<group>"; };
		A52306E2C4DCA144C08F2F0E /* Pods-gamechanger.debug.xcconfig */ = {isa = PBXFileReference; includeInIndex = 1; lastKnownFileType = text.xcconfig; name = "Pods-gamechanger.debug.xcconfig"; path = "Pods/Target Support Files/Pods-gamechanger/Pods-gamechanger.debug.xcconfig"; sourceTree = "<group>"; };
		BE8536361BC98A3600572D01 /* gamechanger-Bridging-Header.h */ = {isa = PBXFileReference; lastKnownFileType = sourcecode.c.h; path = "gamechanger-Bridging-Header.h"; sourceTree = "<group>"; };
		BE8536371BC98A3700572D01 /* Games.swift */ = {isa = PBXFileReference; fileEncoding = 4; lastKnownFileType = sourcecode.swift; path = Games.swift; sourceTree = "<group>"; };
		BE8536391BC98A3E00572D01 /* Networking.swift */ = {isa = PBXFileReference; fileEncoding = 4; lastKnownFileType = sourcecode.swift; path = Networking.swift; sourceTree = "<group>"; };
/* End PBXFileReference section */

/* Begin PBXFrameworksBuildPhase section */
		735EF2B81BA60257009D0923 /* Frameworks */ = {
			isa = PBXFrameworksBuildPhase;
			buildActionMask = 2147483647;
			files = (
				BCD00F1416F819E7B280A4CC /* Pods_gamechanger.framework in Frameworks */,
			);
			runOnlyForDeploymentPostprocessing = 0;
		};
		735EF2D41BA60257009D0923 /* Frameworks */ = {
			isa = PBXFrameworksBuildPhase;
			buildActionMask = 2147483647;
			files = (
			);
			runOnlyForDeploymentPostprocessing = 0;
		};
/* End PBXFrameworksBuildPhase section */

/* Begin PBXGroup section */
		735EF2B21BA60257009D0923 = {
			isa = PBXGroup;
			children = (
				735EF2BD1BA60257009D0923 /* gamechanger */,
				735EF2DA1BA60257009D0923 /* gamechangerTests */,
				735EF2BC1BA60257009D0923 /* Products */,
				864EBBAEC810CB1FB8B84964 /* Pods */,
				F387D2795B7EA596E5D60F62 /* Frameworks */,
			);
			sourceTree = "<group>";
		};
		735EF2BC1BA60257009D0923 /* Products */ = {
			isa = PBXGroup;
			children = (
				735EF2BB1BA60257009D0923 /* gamechanger.app */,
				735EF2D71BA60257009D0923 /* gamechangerTests.xctest */,
			);
			name = Products;
			sourceTree = "<group>";
		};
		735EF2BD1BA60257009D0923 /* gamechanger */ = {
			isa = PBXGroup;
			children = (
				BE8536351BC98A1F00572D01 /* Entities */,
				BE8536341BC98A0D00572D01 /* Networking */,
				735EF2EA1BA62015009D0923 /* DefaultFlowLayout.h */,
				735EF2EB1BA62015009D0923 /* DefaultFlowLayout.m */,
				735EF2C21BA60257009D0923 /* AppDelegate.h */,
				735EF2C31BA60257009D0923 /* AppDelegate.m */,
				735EF2C81BA60257009D0923 /* ViewController.h */,
				735EF2C91BA60257009D0923 /* ViewController.m */,
				735EF2F21BA629AC009D0923 /* Game.h */,
				735EF2F31BA629AC009D0923 /* Game.m */,
				735EF2CB1BA60257009D0923 /* Main.storyboard */,
				735EF2CE1BA60257009D0923 /* Images.xcassets */,
				735EF2D01BA60257009D0923 /* LaunchScreen.xib */,
				735EF2C51BA60257009D0923 /* gamechanger.xcdatamodeld */,
				735EF2BE1BA60257009D0923 /* Supporting Files */,
				735EF2ED1BA6224C009D0923 /* GameCollectionViewCell.h */,
				735EF2EE1BA6224D009D0923 /* GameCollectionViewCell.m */,
				735EF2F51BA63691009D0923 /* NetworkHelper.h */,
				735EF2F61BA63691009D0923 /* NetworkHelper.m */,
			);
			path = gamechanger;
			sourceTree = "<group>";
		};
		735EF2BE1BA60257009D0923 /* Supporting Files */ = {
			isa = PBXGroup;
			children = (
				735EF2BF1BA60257009D0923 /* Info.plist */,
				735EF2C01BA60257009D0923 /* main.m */,
			);
			name = "Supporting Files";
			sourceTree = "<group>";
		};
		735EF2DA1BA60257009D0923 /* gamechangerTests */ = {
			isa = PBXGroup;
			children = (
				735EF2DD1BA60257009D0923 /* gamechangerTests.m */,
				735EF2DB1BA60257009D0923 /* Supporting Files */,
			);
			path = gamechangerTests;
			sourceTree = "<group>";
		};
		735EF2DB1BA60257009D0923 /* Supporting Files */ = {
			isa = PBXGroup;
			children = (
				735EF2DC1BA60257009D0923 /* Info.plist */,
			);
			name = "Supporting Files";
			sourceTree = "<group>";
		};
		864EBBAEC810CB1FB8B84964 /* Pods */ = {
			isa = PBXGroup;
			children = (
				A52306E2C4DCA144C08F2F0E /* Pods-gamechanger.debug.xcconfig */,
				419DFB6CE0EE977A140A3BC6 /* Pods-gamechanger.release.xcconfig */,
			);
			name = Pods;
			sourceTree = "<group>";
		};
		BE8536341BC98A0D00572D01 /* Networking */ = {
			isa = PBXGroup;
			children = (
				BE8536391BC98A3E00572D01 /* Networking.swift */,
			);
			name = Networking;
			sourceTree = "<group>";
		};
		BE8536351BC98A1F00572D01 /* Entities */ = {
			isa = PBXGroup;
			children = (
				BE8536371BC98A3700572D01 /* Games.swift */,
				BE8536361BC98A3600572D01 /* gamechanger-Bridging-Header.h */,
			);
			name = Entities;
			sourceTree = "<group>";
		};
		F387D2795B7EA596E5D60F62 /* Frameworks */ = {
			isa = PBXGroup;
			children = (
				0EC3EF48E6CBF067ACCD7343 /* Pods_gamechanger.framework */,
			);
			name = Frameworks;
			sourceTree = "<group>";
		};
/* End PBXGroup section */

/* Begin PBXNativeTarget section */
		735EF2BA1BA60257009D0923 /* gamechanger */ = {
			isa = PBXNativeTarget;
			buildConfigurationList = 735EF2E11BA60257009D0923 /* Build configuration list for PBXNativeTarget "gamechanger" */;
			buildPhases = (
				B07775AA9434374B6D87ED1F /* Check Pods Manifest.lock */,
				735EF2B71BA60257009D0923 /* Sources */,
				735EF2B81BA60257009D0923 /* Frameworks */,
				735EF2B91BA60257009D0923 /* Resources */,
				EAC539952B8DD0E83A3B90AB /* Embed Pods Frameworks */,
				9E7EA6E046AA47285CF8BE5F /* Copy Pods Resources */,
			);
			buildRules = (
			);
			dependencies = (
			);
			name = gamechanger;
			productName = gamechanger;
			productReference = 735EF2BB1BA60257009D0923 /* gamechanger.app */;
			productType = "com.apple.product-type.application";
		};
		735EF2D61BA60257009D0923 /* gamechangerTests */ = {
			isa = PBXNativeTarget;
			buildConfigurationList = 735EF2E41BA60257009D0923 /* Build configuration list for PBXNativeTarget "gamechangerTests" */;
			buildPhases = (
				735EF2D31BA60257009D0923 /* Sources */,
				735EF2D41BA60257009D0923 /* Frameworks */,
				735EF2D51BA60257009D0923 /* Resources */,
			);
			buildRules = (
			);
			dependencies = (
				735EF2D91BA60257009D0923 /* PBXTargetDependency */,
			);
			name = gamechangerTests;
			productName = gamechangerTests;
			productReference = 735EF2D71BA60257009D0923 /* gamechangerTests.xctest */;
			productType = "com.apple.product-type.bundle.unit-test";
		};
/* End PBXNativeTarget section */

/* Begin PBXProject section */
		735EF2B31BA60257009D0923 /* Project object */ = {
			isa = PBXProject;
			attributes = {
				LastSwiftUpdateCheck = 0700;
				LastUpgradeCheck = 0640;
				ORGANIZATIONNAME = "Ryley Herrington";
				TargetAttributes = {
					735EF2BA1BA60257009D0923 = {
						CreatedOnToolsVersion = 6.4;
						DevelopmentTeam = 574WJ7QENW;
					};
					735EF2D61BA60257009D0923 = {
						CreatedOnToolsVersion = 6.4;
						TestTargetID = 735EF2BA1BA60257009D0923;
					};
				};
			};
			buildConfigurationList = 735EF2B61BA60257009D0923 /* Build configuration list for PBXProject "gamechanger" */;
			compatibilityVersion = "Xcode 3.2";
			developmentRegion = English;
			hasScannedForEncodings = 0;
			knownRegions = (
				en,
				Base,
			);
			mainGroup = 735EF2B21BA60257009D0923;
			productRefGroup = 735EF2BC1BA60257009D0923 /* Products */;
			projectDirPath = "";
			projectRoot = "";
			targets = (
				735EF2BA1BA60257009D0923 /* gamechanger */,
				735EF2D61BA60257009D0923 /* gamechangerTests */,
			);
		};
/* End PBXProject section */

/* Begin PBXResourcesBuildPhase section */
		735EF2B91BA60257009D0923 /* Resources */ = {
			isa = PBXResourcesBuildPhase;
			buildActionMask = 2147483647;
			files = (
				735EF2CD1BA60257009D0923 /* Main.storyboard in Resources */,
				735EF2D21BA60257009D0923 /* LaunchScreen.xib in Resources */,
				735EF2CF1BA60257009D0923 /* Images.xcassets in Resources */,
			);
			runOnlyForDeploymentPostprocessing = 0;
		};
		735EF2D51BA60257009D0923 /* Resources */ = {
			isa = PBXResourcesBuildPhase;
			buildActionMask = 2147483647;
			files = (
			);
			runOnlyForDeploymentPostprocessing = 0;
		};
/* End PBXResourcesBuildPhase section */

/* Begin PBXShellScriptBuildPhase section */
		9E7EA6E046AA47285CF8BE5F /* Copy Pods Resources */ = {
			isa = PBXShellScriptBuildPhase;
			buildActionMask = 2147483647;
			files = (
			);
			inputPaths = (
			);
			name = "Copy Pods Resources";
			outputPaths = (
			);
			runOnlyForDeploymentPostprocessing = 0;
			shellPath = /bin/sh;
			shellScript = "\"${SRCROOT}/Pods/Target Support Files/Pods-gamechanger/Pods-gamechanger-resources.sh\"\n";
			showEnvVarsInLog = 0;
		};
		B07775AA9434374B6D87ED1F /* Check Pods Manifest.lock */ = {
			isa = PBXShellScriptBuildPhase;
			buildActionMask = 2147483647;
			files = (
			);
			inputPaths = (
			);
			name = "Check Pods Manifest.lock";
			outputPaths = (
			);
			runOnlyForDeploymentPostprocessing = 0;
			shellPath = /bin/sh;
			shellScript = "diff \"${PODS_ROOT}/../Podfile.lock\" \"${PODS_ROOT}/Manifest.lock\" > /dev/null\nif [[ $? != 0 ]] ; then\n    cat << EOM\nerror: The sandbox is not in sync with the Podfile.lock. Run 'pod install' or update your CocoaPods installation.\nEOM\n    exit 1\nfi\n";
			showEnvVarsInLog = 0;
		};
		EAC539952B8DD0E83A3B90AB /* Embed Pods Frameworks */ = {
			isa = PBXShellScriptBuildPhase;
			buildActionMask = 2147483647;
			files = (
			);
			inputPaths = (
			);
			name = "Embed Pods Frameworks";
			outputPaths = (
			);
			runOnlyForDeploymentPostprocessing = 0;
			shellPath = /bin/sh;
			shellScript = "\"${SRCROOT}/Pods/Target Support Files/Pods-gamechanger/Pods-gamechanger-frameworks.sh\"\n";
			showEnvVarsInLog = 0;
		};
/* End PBXShellScriptBuildPhase section */

/* Begin PBXSourcesBuildPhase section */
		735EF2B71BA60257009D0923 /* Sources */ = {
			isa = PBXSourcesBuildPhase;
			buildActionMask = 2147483647;
			files = (
				735EF2F01BA6224D009D0923 /* GameCollectionViewCell.m in Sources */,
				BE85363A1BC98A3E00572D01 /* Networking.swift in Sources */,
				735EF2C41BA60257009D0923 /* AppDelegate.m in Sources */,
				735EF2EC1BA62015009D0923 /* DefaultFlowLayout.m in Sources */,
				BE8536381BC98A3700572D01 /* Games.swift in Sources */,
				735EF2C11BA60257009D0923 /* main.m in Sources */,
				735EF2F71BA63691009D0923 /* NetworkHelper.m in Sources */,
				735EF2CA1BA60257009D0923 /* ViewController.m in Sources */,
				735EF2F41BA629AC009D0923 /* Game.m in Sources */,
				735EF2C71BA60257009D0923 /* gamechanger.xcdatamodeld in Sources */,
			);
			runOnlyForDeploymentPostprocessing = 0;
		};
		735EF2D31BA60257009D0923 /* Sources */ = {
			isa = PBXSourcesBuildPhase;
			buildActionMask = 2147483647;
			files = (
				735EF2DE1BA60257009D0923 /* gamechangerTests.m in Sources */,
			);
			runOnlyForDeploymentPostprocessing = 0;
		};
/* End PBXSourcesBuildPhase section */

/* Begin PBXTargetDependency section */
		735EF2D91BA60257009D0923 /* PBXTargetDependency */ = {
			isa = PBXTargetDependency;
			target = 735EF2BA1BA60257009D0923 /* gamechanger */;
			targetProxy = 735EF2D81BA60257009D0923 /* PBXContainerItemProxy */;
		};
/* End PBXTargetDependency section */

/* Begin PBXVariantGroup section */
		735EF2CB1BA60257009D0923 /* Main.storyboard */ = {
			isa = PBXVariantGroup;
			children = (
				735EF2CC1BA60257009D0923 /* Base */,
			);
			name = Main.storyboard;
			sourceTree = "<group>";
		};
		735EF2D01BA60257009D0923 /* LaunchScreen.xib */ = {
			isa = PBXVariantGroup;
			children = (
				735EF2D11BA60257009D0923 /* Base */,
			);
			name = LaunchScreen.xib;
			sourceTree = "<group>";
		};
/* End PBXVariantGroup section */

/* Begin XCBuildConfiguration section */
		735EF2DF1BA60257009D0923 /* Debug */ = {
			isa = XCBuildConfiguration;
			buildSettings = {
				ALWAYS_SEARCH_USER_PATHS = NO;
				CLANG_CXX_LANGUAGE_STANDARD = "gnu++0x";
				CLANG_CXX_LIBRARY = "libc++";
				CLANG_ENABLE_MODULES = YES;
				CLANG_ENABLE_OBJC_ARC = YES;
				CLANG_WARN_BOOL_CONVERSION = YES;
				CLANG_WARN_CONSTANT_CONVERSION = YES;
				CLANG_WARN_DIRECT_OBJC_ISA_USAGE = YES_ERROR;
				CLANG_WARN_EMPTY_BODY = YES;
				CLANG_WARN_ENUM_CONVERSION = YES;
				CLANG_WARN_INT_CONVERSION = YES;
				CLANG_WARN_OBJC_ROOT_CLASS = YES_ERROR;
				CLANG_WARN_UNREACHABLE_CODE = YES;
				CLANG_WARN__DUPLICATE_METHOD_MATCH = YES;
				"CODE_SIGN_IDENTITY[sdk=iphoneos*]" = "iPhone Developer";
				COPY_PHASE_STRIP = NO;
				DEBUG_INFORMATION_FORMAT = "dwarf-with-dsym";
				ENABLE_STRICT_OBJC_MSGSEND = YES;
				GCC_C_LANGUAGE_STANDARD = gnu99;
				GCC_DYNAMIC_NO_PIC = NO;
				GCC_NO_COMMON_BLOCKS = YES;
				GCC_OPTIMIZATION_LEVEL = 0;
				GCC_PREPROCESSOR_DEFINITIONS = (
					"DEBUG=1",
					"$(inherited)",
				);
				GCC_SYMBOLS_PRIVATE_EXTERN = NO;
				GCC_WARN_64_TO_32_BIT_CONVERSION = YES;
				GCC_WARN_ABOUT_RETURN_TYPE = YES_ERROR;
				GCC_WARN_UNDECLARED_SELECTOR = YES;
				GCC_WARN_UNINITIALIZED_AUTOS = YES_AGGRESSIVE;
				GCC_WARN_UNUSED_FUNCTION = YES;
				GCC_WARN_UNUSED_VARIABLE = YES;
				IPHONEOS_DEPLOYMENT_TARGET = 8.4;
				MTL_ENABLE_DEBUG_INFO = YES;
				ONLY_ACTIVE_ARCH = YES;
				SDKROOT = iphoneos;
			};
			name = Debug;
		};
		735EF2E01BA60257009D0923 /* Release */ = {
			isa = XCBuildConfiguration;
			buildSettings = {
				ALWAYS_SEARCH_USER_PATHS = NO;
				CLANG_CXX_LANGUAGE_STANDARD = "gnu++0x";
				CLANG_CXX_LIBRARY = "libc++";
				CLANG_ENABLE_MODULES = YES;
				CLANG_ENABLE_OBJC_ARC = YES;
				CLANG_WARN_BOOL_CONVERSION = YES;
				CLANG_WARN_CONSTANT_CONVERSION = YES;
				CLANG_WARN_DIRECT_OBJC_ISA_USAGE = YES_ERROR;
				CLANG_WARN_EMPTY_BODY = YES;
				CLANG_WARN_ENUM_CONVERSION = YES;
				CLANG_WARN_INT_CONVERSION = YES;
				CLANG_WARN_OBJC_ROOT_CLASS = YES_ERROR;
				CLANG_WARN_UNREACHABLE_CODE = YES;
				CLANG_WARN__DUPLICATE_METHOD_MATCH = YES;
				"CODE_SIGN_IDENTITY[sdk=iphoneos*]" = "iPhone Developer";
				COPY_PHASE_STRIP = NO;
				DEBUG_INFORMATION_FORMAT = "dwarf-with-dsym";
				ENABLE_NS_ASSERTIONS = NO;
				ENABLE_STRICT_OBJC_MSGSEND = YES;
				GCC_C_LANGUAGE_STANDARD = gnu99;
				GCC_NO_COMMON_BLOCKS = YES;
				GCC_WARN_64_TO_32_BIT_CONVERSION = YES;
				GCC_WARN_ABOUT_RETURN_TYPE = YES_ERROR;
				GCC_WARN_UNDECLARED_SELECTOR = YES;
				GCC_WARN_UNINITIALIZED_AUTOS = YES_AGGRESSIVE;
				GCC_WARN_UNUSED_FUNCTION = YES;
				GCC_WARN_UNUSED_VARIABLE = YES;
				IPHONEOS_DEPLOYMENT_TARGET = 8.4;
				MTL_ENABLE_DEBUG_INFO = NO;
				SDKROOT = iphoneos;
				VALIDATE_PRODUCT = YES;
			};
			name = Release;
		};
		735EF2E21BA60257009D0923 /* Debug */ = {
			isa = XCBuildConfiguration;
			baseConfigurationReference = A52306E2C4DCA144C08F2F0E /* Pods-gamechanger.debug.xcconfig */;
			buildSettings = {
				ASSETCATALOG_COMPILER_APPICON_NAME = AppIcon;
				CLANG_ENABLE_MODULES = YES;
				CODE_SIGN_IDENTITY = "iPhone Developer";
				"CODE_SIGN_IDENTITY[sdk=iphoneos*]" = "iPhone Developer";
				INFOPLIST_FILE = gamechanger/Info.plist;
				LD_RUNPATH_SEARCH_PATHS = "$(inherited) @executable_path/Frameworks";
				PRODUCT_NAME = "$(TARGET_NAME)";
				PROVISIONING_PROFILE = "";
				SWIFT_OBJC_BRIDGING_HEADER = "gamechanger/gamechanger-Bridging-Header.h";
				SWIFT_OPTIMIZATION_LEVEL = "-Onone";
			};
			name = Debug;
		};
		735EF2E31BA60257009D0923 /* Release */ = {
			isa = XCBuildConfiguration;
			baseConfigurationReference = 419DFB6CE0EE977A140A3BC6 /* Pods-gamechanger.release.xcconfig */;
			buildSettings = {
				ASSETCATALOG_COMPILER_APPICON_NAME = AppIcon;
				CLANG_ENABLE_MODULES = YES;
				CODE_SIGN_IDENTITY = "iPhone Developer";
				"CODE_SIGN_IDENTITY[sdk=iphoneos*]" = "iPhone Developer";
				INFOPLIST_FILE = gamechanger/Info.plist;
				LD_RUNPATH_SEARCH_PATHS = "$(inherited) @executable_path/Frameworks";
				PRODUCT_NAME = "$(TARGET_NAME)";
				PROVISIONING_PROFILE = "";
				SWIFT_OBJC_BRIDGING_HEADER = "gamechanger/gamechanger-Bridging-Header.h";
			};
			name = Release;
		};
		735EF2E51BA60257009D0923 /* Debug */ = {
			isa = XCBuildConfiguration;
			buildSettings = {
				BUNDLE_LOADER = "$(TEST_HOST)";
				FRAMEWORK_SEARCH_PATHS = (
					"$(SDKROOT)/Developer/Library/Frameworks",
					"$(inherited)",
				);
				GCC_PREPROCESSOR_DEFINITIONS = (
					"DEBUG=1",
					"$(inherited)",
				);
				INFOPLIST_FILE = gamechangerTests/Info.plist;
				LD_RUNPATH_SEARCH_PATHS = "$(inherited) @executable_path/Frameworks @loader_path/Frameworks";
				PRODUCT_NAME = "$(TARGET_NAME)";
				TEST_HOST = "$(BUILT_PRODUCTS_DIR)/gamechanger.app/gamechanger";
			};
			name = Debug;
		};
		735EF2E61BA60257009D0923 /* Release */ = {
			isa = XCBuildConfiguration;
			buildSettings = {
				BUNDLE_LOADER = "$(TEST_HOST)";
				FRAMEWORK_SEARCH_PATHS = (
					"$(SDKROOT)/Developer/Library/Frameworks",
					"$(inherited)",
				);
				INFOPLIST_FILE = gamechangerTests/Info.plist;
				LD_RUNPATH_SEARCH_PATHS = "$(inherited) @executable_path/Frameworks @loader_path/Frameworks";
				PRODUCT_NAME = "$(TARGET_NAME)";
				TEST_HOST = "$(BUILT_PRODUCTS_DIR)/gamechanger.app/gamechanger";
			};
			name = Release;
		};
/* End XCBuildConfiguration section */

/* Begin XCConfigurationList section */
		735EF2B61BA60257009D0923 /* Build configuration list for PBXProject "gamechanger" */ = {
			isa = XCConfigurationList;
			buildConfigurations = (
				735EF2DF1BA60257009D0923 /* Debug */,
				735EF2E01BA60257009D0923 /* Release */,
			);
			defaultConfigurationIsVisible = 0;
			defaultConfigurationName = Release;
		};
		735EF2E11BA60257009D0923 /* Build configuration list for PBXNativeTarget "gamechanger" */ = {
			isa = XCConfigurationList;
			buildConfigurations = (
				735EF2E21BA60257009D0923 /* Debug */,
				735EF2E31BA60257009D0923 /* Release */,
			);
			defaultConfigurationIsVisible = 0;
			defaultConfigurationName = Release;
		};
		735EF2E41BA60257009D0923 /* Build configuration list for PBXNativeTarget "gamechangerTests" */ = {
			isa = XCConfigurationList;
			buildConfigurations = (
				735EF2E51BA60257009D0923 /* Debug */,
				735EF2E61BA60257009D0923 /* Release */,
			);
			defaultConfigurationIsVisible = 0;
			defaultConfigurationName = Release;
		};
/* End XCConfigurationList section */

/* Begin XCVersionGroup section */
		735EF2C51BA60257009D0923 /* gamechanger.xcdatamodeld */ = {
			isa = XCVersionGroup;
			children = (
				735EF2C61BA60257009D0923 /* gamechanger.xcdatamodel */,
			);
			currentVersion = 735EF2C61BA60257009D0923 /* gamechanger.xcdatamodel */;
			path = gamechanger.xcdatamodeld;
			sourceTree = "<group>";
			versionGroupType = wrapper.xcdatamodel;
		};
/* End XCVersionGroup section */
	};
	rootObject = 735EF2B31BA60257009D0923 /* Project object */;
}
