// !$*UTF8*$!
{
	archiveVersion = 1;
	classes = {
	};
	objectVersion = 46;
	objects = {

/* Begin PBXBuildFile section */
		731D796C1B868E68002EF27F /* AppDelegate.swift in Sources */ = {isa = PBXBuildFile; fileRef = 731D796B1B868E68002EF27F /* AppDelegate.swift */; };
		731D79711B868E68002EF27F /* Main.storyboard in Resources */ = {isa = PBXBuildFile; fileRef = 731D796F1B868E68002EF27F /* Main.storyboard */; };
		731D79741B868E68002EF27F /* GameRelease.xcdatamodeld in Sources */ = {isa = PBXBuildFile; fileRef = 731D79721B868E68002EF27F /* GameRelease.xcdatamodeld */; };
		731D79761B868E68002EF27F /* Assets.xcassets in Resources */ = {isa = PBXBuildFile; fileRef = 731D79751B868E68002EF27F /* Assets.xcassets */; };
		731D79791B868E68002EF27F /* LaunchScreen.storyboard in Resources */ = {isa = PBXBuildFile; fileRef = 731D79771B868E68002EF27F /* LaunchScreen.storyboard */; };
		731D79841B868E68002EF27F /* GameReleaseTests.swift in Sources */ = {isa = PBXBuildFile; fileRef = 731D79831B868E68002EF27F /* GameReleaseTests.swift */; };
		731D798F1B868E68002EF27F /* GameReleaseUITests.swift in Sources */ = {isa = PBXBuildFile; fileRef = 731D798E1B868E68002EF27F /* GameReleaseUITests.swift */; };
		731D799D1B869040002EF27F /* GameCollectionViewController.swift in Sources */ = {isa = PBXBuildFile; fileRef = 731D799C1B869040002EF27F /* GameCollectionViewController.swift */; };
		731D799F1B8691F7002EF27F /* NetworkHelper.swift in Sources */ = {isa = PBXBuildFile; fileRef = 731D799E1B8691F7002EF27F /* NetworkHelper.swift */; };
/* End PBXBuildFile section */

/* Begin PBXContainerItemProxy section */
		731D79801B868E68002EF27F /* PBXContainerItemProxy */ = {
			isa = PBXContainerItemProxy;
			containerPortal = 731D79601B868E68002EF27F /* Project object */;
			proxyType = 1;
			remoteGlobalIDString = 731D79671B868E68002EF27F;
			remoteInfo = GameRelease;
		};
		731D798B1B868E68002EF27F /* PBXContainerItemProxy */ = {
			isa = PBXContainerItemProxy;
			containerPortal = 731D79601B868E68002EF27F /* Project object */;
			proxyType = 1;
			remoteGlobalIDString = 731D79671B868E68002EF27F;
			remoteInfo = GameRelease;
		};
/* End PBXContainerItemProxy section */

/* Begin PBXFileReference section */
		731D79681B868E68002EF27F /* GameRelease.app */ = {isa = PBXFileReference; explicitFileType = wrapper.application; includeInIndex = 0; path = GameRelease.app; sourceTree = BUILT_PRODUCTS_DIR; };
		731D796B1B868E68002EF27F /* AppDelegate.swift */ = {isa = PBXFileReference; lastKnownFileType = sourcecode.swift; path = AppDelegate.swift; sourceTree = "<group>"; };
		731D79701B868E68002EF27F /* Base */ = {isa = PBXFileReference; lastKnownFileType = file.storyboard; name = Base; path = Base.lproj/Main.storyboard; sourceTree = "<group>"; };
		731D79731B868E68002EF27F /* GameRelease.xcdatamodel */ = {isa = PBXFileReference; lastKnownFileType = wrapper.xcdatamodel; path = GameRelease.xcdatamodel; sourceTree = "<group>"; };
		731D79751B868E68002EF27F /* Assets.xcassets */ = {isa = PBXFileReference; lastKnownFileType = folder.assetcatalog; path = Assets.xcassets; sourceTree = "<group>"; };
		731D79781B868E68002EF27F /* Base */ = {isa = PBXFileReference; lastKnownFileType = file.storyboard; name = Base; path = Base.lproj/LaunchScreen.storyboard; sourceTree = "<group>"; };
		731D797A1B868E68002EF27F /* Info.plist */ = {isa = PBXFileReference; lastKnownFileType = text.plist.xml; path = Info.plist; sourceTree = "<group>"; };
		731D797F1B868E68002EF27F /* GameReleaseTests.xctest */ = {isa = PBXFileReference; explicitFileType = wrapper.cfbundle; includeInIndex = 0; path = GameReleaseTests.xctest; sourceTree = BUILT_PRODUCTS_DIR; };
		731D79831B868E68002EF27F /* GameReleaseTests.swift */ = {isa = PBXFileReference; lastKnownFileType = sourcecode.swift; path = GameReleaseTests.swift; sourceTree = "<group>"; };
		731D79851B868E68002EF27F /* Info.plist */ = {isa = PBXFileReference; lastKnownFileType = text.plist.xml; path = Info.plist; sourceTree = "<group>"; };
		731D798A1B868E68002EF27F /* GameReleaseUITests.xctest */ = {isa = PBXFileReference; explicitFileType = wrapper.cfbundle; includeInIndex = 0; path = GameReleaseUITests.xctest; sourceTree = BUILT_PRODUCTS_DIR; };
		731D798E1B868E68002EF27F /* GameReleaseUITests.swift */ = {isa = PBXFileReference; lastKnownFileType = sourcecode.swift; path = GameReleaseUITests.swift; sourceTree = "<group>"; };
		731D79901B868E68002EF27F /* Info.plist */ = {isa = PBXFileReference; lastKnownFileType = text.plist.xml; path = Info.plist; sourceTree = "<group>"; };
		731D799C1B869040002EF27F /* GameCollectionViewController.swift */ = {isa = PBXFileReference; fileEncoding = 4; lastKnownFileType = sourcecode.swift; path = GameCollectionViewController.swift; sourceTree = "<group>"; };
		731D799E1B8691F7002EF27F /* NetworkHelper.swift */ = {isa = PBXFileReference; fileEncoding = 4; lastKnownFileType = sourcecode.swift; path = NetworkHelper.swift; sourceTree = "<group>"; };
/* End PBXFileReference section */

/* Begin PBXFrameworksBuildPhase section */
		731D79651B868E68002EF27F /* Frameworks */ = {
			isa = PBXFrameworksBuildPhase;
			buildActionMask = 2147483647;
			files = (
			);
			runOnlyForDeploymentPostprocessing = 0;
		};
		731D797C1B868E68002EF27F /* Frameworks */ = {
			isa = PBXFrameworksBuildPhase;
			buildActionMask = 2147483647;
			files = (
			);
			runOnlyForDeploymentPostprocessing = 0;
		};
		731D79871B868E68002EF27F /* Frameworks */ = {
			isa = PBXFrameworksBuildPhase;
			buildActionMask = 2147483647;
			files = (
			);
			runOnlyForDeploymentPostprocessing = 0;
		};
/* End PBXFrameworksBuildPhase section */

/* Begin PBXGroup section */
		731D795F1B868E68002EF27F = {
			isa = PBXGroup;
			children = (
				731D796A1B868E68002EF27F /* GameRelease */,
				731D79821B868E68002EF27F /* GameReleaseTests */,
				731D798D1B868E68002EF27F /* GameReleaseUITests */,
				731D79691B868E68002EF27F /* Products */,
			);
			sourceTree = "<group>";
		};
		731D79691B868E68002EF27F /* Products */ = {
			isa = PBXGroup;
			children = (
				731D79681B868E68002EF27F /* GameRelease.app */,
				731D797F1B868E68002EF27F /* GameReleaseTests.xctest */,
				731D798A1B868E68002EF27F /* GameReleaseUITests.xctest */,
			);
			name = Products;
			sourceTree = "<group>";
		};
		731D796A1B868E68002EF27F /* GameRelease */ = {
			isa = PBXGroup;
			children = (
				731D796B1B868E68002EF27F /* AppDelegate.swift */,
				731D799C1B869040002EF27F /* GameCollectionViewController.swift */,
				731D796F1B868E68002EF27F /* Main.storyboard */,
				731D79751B868E68002EF27F /* Assets.xcassets */,
				731D79771B868E68002EF27F /* LaunchScreen.storyboard */,
				731D797A1B868E68002EF27F /* Info.plist */,
				731D79721B868E68002EF27F /* GameRelease.xcdatamodeld */,
				731D799E1B8691F7002EF27F /* NetworkHelper.swift */,
			);
			path = GameRelease;
			sourceTree = "<group>";
		};
		731D79821B868E68002EF27F /* GameReleaseTests */ = {
			isa = PBXGroup;
			children = (
				731D79831B868E68002EF27F /* GameReleaseTests.swift */,
				731D79851B868E68002EF27F /* Info.plist */,
			);
			path = GameReleaseTests;
			sourceTree = "<group>";
		};
		731D798D1B868E68002EF27F /* GameReleaseUITests */ = {
			isa = PBXGroup;
			children = (
				731D798E1B868E68002EF27F /* GameReleaseUITests.swift */,
				731D79901B868E68002EF27F /* Info.plist */,
			);
			path = GameReleaseUITests;
			sourceTree = "<group>";
		};
/* End PBXGroup section */

/* Begin PBXNativeTarget section */
		731D79671B868E68002EF27F /* GameRelease */ = {
			isa = PBXNativeTarget;
			buildConfigurationList = 731D79931B868E68002EF27F /* Build configuration list for PBXNativeTarget "GameRelease" */;
			buildPhases = (
				731D79641B868E68002EF27F /* Sources */,
				731D79651B868E68002EF27F /* Frameworks */,
				731D79661B868E68002EF27F /* Resources */,
			);
			buildRules = (
			);
			dependencies = (
			);
			name = GameRelease;
			productName = GameRelease;
			productReference = 731D79681B868E68002EF27F /* GameRelease.app */;
			productType = "com.apple.product-type.application";
		};
		731D797E1B868E68002EF27F /* GameReleaseTests */ = {
			isa = PBXNativeTarget;
			buildConfigurationList = 731D79961B868E68002EF27F /* Build configuration list for PBXNativeTarget "GameReleaseTests" */;
			buildPhases = (
				731D797B1B868E68002EF27F /* Sources */,
				731D797C1B868E68002EF27F /* Frameworks */,
				731D797D1B868E68002EF27F /* Resources */,
			);
			buildRules = (
			);
			dependencies = (
				731D79811B868E68002EF27F /* PBXTargetDependency */,
			);
			name = GameReleaseTests;
			productName = GameReleaseTests;
			productReference = 731D797F1B868E68002EF27F /* GameReleaseTests.xctest */;
			productType = "com.apple.product-type.bundle.unit-test";
		};
		731D79891B868E68002EF27F /* GameReleaseUITests */ = {
			isa = PBXNativeTarget;
			buildConfigurationList = 731D79991B868E68002EF27F /* Build configuration list for PBXNativeTarget "GameReleaseUITests" */;
			buildPhases = (
				731D79861B868E68002EF27F /* Sources */,
				731D79871B868E68002EF27F /* Frameworks */,
				731D79881B868E68002EF27F /* Resources */,
			);
			buildRules = (
			);
			dependencies = (
				731D798C1B868E68002EF27F /* PBXTargetDependency */,
			);
			name = GameReleaseUITests;
			productName = GameReleaseUITests;
			productReference = 731D798A1B868E68002EF27F /* GameReleaseUITests.xctest */;
			productType = "com.apple.product-type.bundle.ui-testing";
		};
/* End PBXNativeTarget section */

/* Begin PBXProject section */
		731D79601B868E68002EF27F /* Project object */ = {
			isa = PBXProject;
			attributes = {
				LastUpgradeCheck = 0700;
				ORGANIZATIONNAME = "Ryley Herrington";
				TargetAttributes = {
					731D79671B868E68002EF27F = {
						CreatedOnToolsVersion = 7.0;
					};
					731D797E1B868E68002EF27F = {
						CreatedOnToolsVersion = 7.0;
						TestTargetID = 731D79671B868E68002EF27F;
					};
					731D79891B868E68002EF27F = {
						CreatedOnToolsVersion = 7.0;
						TestTargetID = 731D79671B868E68002EF27F;
					};
				};
			};
			buildConfigurationList = 731D79631B868E68002EF27F /* Build configuration list for PBXProject "GameRelease" */;
			compatibilityVersion = "Xcode 3.2";
			developmentRegion = English;
			hasScannedForEncodings = 0;
			knownRegions = (
				en,
				Base,
			);
			mainGroup = 731D795F1B868E68002EF27F;
			productRefGroup = 731D79691B868E68002EF27F /* Products */;
			projectDirPath = "";
			projectRoot = "";
			targets = (
				731D79671B868E68002EF27F /* GameRelease */,
				731D797E1B868E68002EF27F /* GameReleaseTests */,
				731D79891B868E68002EF27F /* GameReleaseUITests */,
			);
		};
/* End PBXProject section */

/* Begin PBXResourcesBuildPhase section */
		731D79661B868E68002EF27F /* Resources */ = {
			isa = PBXResourcesBuildPhase;
			buildActionMask = 2147483647;
			files = (
				731D79791B868E68002EF27F /* LaunchScreen.storyboard in Resources */,
				731D79761B868E68002EF27F /* Assets.xcassets in Resources */,
				731D79711B868E68002EF27F /* Main.storyboard in Resources */,
			);
			runOnlyForDeploymentPostprocessing = 0;
		};
		731D797D1B868E68002EF27F /* Resources */ = {
			isa = PBXResourcesBuildPhase;
			buildActionMask = 2147483647;
			files = (
			);
			runOnlyForDeploymentPostprocessing = 0;
		};
		731D79881B868E68002EF27F /* Resources */ = {
			isa = PBXResourcesBuildPhase;
			buildActionMask = 2147483647;
			files = (
			);
			runOnlyForDeploymentPostprocessing = 0;
		};
/* End PBXResourcesBuildPhase section */

/* Begin PBXSourcesBuildPhase section */
		731D79641B868E68002EF27F /* Sources */ = {
			isa = PBXSourcesBuildPhase;
			buildActionMask = 2147483647;
			files = (
				731D799F1B8691F7002EF27F /* NetworkHelper.swift in Sources */,
				731D796C1B868E68002EF27F /* AppDelegate.swift in Sources */,
				731D799D1B869040002EF27F /* GameCollectionViewController.swift in Sources */,
				731D79741B868E68002EF27F /* GameRelease.xcdatamodeld in Sources */,
			);
			runOnlyForDeploymentPostprocessing = 0;
		};
		731D797B1B868E68002EF27F /* Sources */ = {
			isa = PBXSourcesBuildPhase;
			buildActionMask = 2147483647;
			files = (
				731D79841B868E68002EF27F /* GameReleaseTests.swift in Sources */,
			);
			runOnlyForDeploymentPostprocessing = 0;
		};
		731D79861B868E68002EF27F /* Sources */ = {
			isa = PBXSourcesBuildPhase;
			buildActionMask = 2147483647;
			files = (
				731D798F1B868E68002EF27F /* GameReleaseUITests.swift in Sources */,
			);
			runOnlyForDeploymentPostprocessing = 0;
		};
/* End PBXSourcesBuildPhase section */

/* Begin PBXTargetDependency section */
		731D79811B868E68002EF27F /* PBXTargetDependency */ = {
			isa = PBXTargetDependency;
			target = 731D79671B868E68002EF27F /* GameRelease */;
			targetProxy = 731D79801B868E68002EF27F /* PBXContainerItemProxy */;
		};
		731D798C1B868E68002EF27F /* PBXTargetDependency */ = {
			isa = PBXTargetDependency;
			target = 731D79671B868E68002EF27F /* GameRelease */;
			targetProxy = 731D798B1B868E68002EF27F /* PBXContainerItemProxy */;
		};
/* End PBXTargetDependency section */

/* Begin PBXVariantGroup section */
		731D796F1B868E68002EF27F /* Main.storyboard */ = {
			isa = PBXVariantGroup;
			children = (
				731D79701B868E68002EF27F /* Base */,
			);
			name = Main.storyboard;
			sourceTree = "<group>";
		};
		731D79771B868E68002EF27F /* LaunchScreen.storyboard */ = {
			isa = PBXVariantGroup;
			children = (
				731D79781B868E68002EF27F /* Base */,
			);
			name = LaunchScreen.storyboard;
			sourceTree = "<group>";
		};
/* End PBXVariantGroup section */

/* Begin XCBuildConfiguration section */
		731D79911B868E68002EF27F /* Debug */ = {
			isa = XCBuildConfiguration;
			buildSettings = {
				ALWAYS_SEARCH_USER_PATHS = NO;
				CLANG_CXX_LANGUAGE_STANDARD = "gnu++0x";
				CLANG_CXX_LIBRARY = "libc++";
				CLANG_ENABLE_MODULES = YES;
				CLANG_ENABLE_OBJC_ARC = YES;
				CLANG_WARN_BOOL_CONVERSION = YES;
				CLANG_WARN_CONSTANT_CONVERSION = YES;
				CLANG_WARN_DIRECT_OBJC_ISA_USAGE = YES_ERROR;
				CLANG_WARN_EMPTY_BODY = YES;
				CLANG_WARN_ENUM_CONVERSION = YES;
				CLANG_WARN_INT_CONVERSION = YES;
				CLANG_WARN_OBJC_ROOT_CLASS = YES_ERROR;
				CLANG_WARN_UNREACHABLE_CODE = YES;
				CLANG_WARN__DUPLICATE_METHOD_MATCH = YES;
				"CODE_SIGN_IDENTITY[sdk=iphoneos*]" = "iPhone Developer";
				COPY_PHASE_STRIP = NO;
				DEBUG_INFORMATION_FORMAT = dwarf;
				ENABLE_STRICT_OBJC_MSGSEND = YES;
				ENABLE_TESTABILITY = YES;
				GCC_C_LANGUAGE_STANDARD = gnu99;
				GCC_DYNAMIC_NO_PIC = NO;
				GCC_NO_COMMON_BLOCKS = YES;
				GCC_OPTIMIZATION_LEVEL = 0;
				GCC_PREPROCESSOR_DEFINITIONS = (
					"DEBUG=1",
					"$(inherited)",
				);
				GCC_WARN_64_TO_32_BIT_CONVERSION = YES;
				GCC_WARN_ABOUT_RETURN_TYPE = YES_ERROR;
				GCC_WARN_UNDECLARED_SELECTOR = YES;
				GCC_WARN_UNINITIALIZED_AUTOS = YES_AGGRESSIVE;
				GCC_WARN_UNUSED_FUNCTION = YES;
				GCC_WARN_UNUSED_VARIABLE = YES;
				IPHONEOS_DEPLOYMENT_TARGET = 9.0;
				MTL_ENABLE_DEBUG_INFO = YES;
				ONLY_ACTIVE_ARCH = YES;
				SDKROOT = iphoneos;
				SWIFT_OPTIMIZATION_LEVEL = "-Onone";
			};
			name = Debug;
		};
		731D79921B868E68002EF27F /* Release */ = {
			isa = XCBuildConfiguration;
			buildSettings = {
				ALWAYS_SEARCH_USER_PATHS = NO;
				CLANG_CXX_LANGUAGE_STANDARD = "gnu++0x";
				CLANG_CXX_LIBRARY = "libc++";
				CLANG_ENABLE_MODULES = YES;
				CLANG_ENABLE_OBJC_ARC = YES;
				CLANG_WARN_BOOL_CONVERSION = YES;
				CLANG_WARN_CONSTANT_CONVERSION = YES;
				CLANG_WARN_DIRECT_OBJC_ISA_USAGE = YES_ERROR;
				CLANG_WARN_EMPTY_BODY = YES;
				CLANG_WARN_ENUM_CONVERSION = YES;
				CLANG_WARN_INT_CONVERSION = YES;
				CLANG_WARN_OBJC_ROOT_CLASS = YES_ERROR;
				CLANG_WARN_UNREACHABLE_CODE = YES;
				CLANG_WARN__DUPLICATE_METHOD_MATCH = YES;
				"CODE_SIGN_IDENTITY[sdk=iphoneos*]" = "iPhone Developer";
				COPY_PHASE_STRIP = NO;
				DEBUG_INFORMATION_FORMAT = "dwarf-with-dsym";
				ENABLE_NS_ASSERTIONS = NO;
				ENABLE_STRICT_OBJC_MSGSEND = YES;
				GCC_C_LANGUAGE_STANDARD = gnu99;
				GCC_NO_COMMON_BLOCKS = YES;
				GCC_WARN_64_TO_32_BIT_CONVERSION = YES;
				GCC_WARN_ABOUT_RETURN_TYPE = YES_ERROR;
				GCC_WARN_UNDECLARED_SELECTOR = YES;
				GCC_WARN_UNINITIALIZED_AUTOS = YES_AGGRESSIVE;
				GCC_WARN_UNUSED_FUNCTION = YES;
				GCC_WARN_UNUSED_VARIABLE = YES;
				IPHONEOS_DEPLOYMENT_TARGET = 9.0;
				MTL_ENABLE_DEBUG_INFO = NO;
				SDKROOT = iphoneos;
				VALIDATE_PRODUCT = YES;
			};
			name = Release;
		};
		731D79941B868E68002EF27F /* Debug */ = {
			isa = XCBuildConfiguration;
			buildSettings = {
				ASSETCATALOG_COMPILER_APPICON_NAME = AppIcon;
				INFOPLIST_FILE = GameRelease/Info.plist;
				LD_RUNPATH_SEARCH_PATHS = "$(inherited) @executable_path/Frameworks";
				PRODUCT_BUNDLE_IDENTIFIER = com.herrington.GameRelease;
				PRODUCT_NAME = "$(TARGET_NAME)";
			};
			name = Debug;
		};
		731D79951B868E68002EF27F /* Release */ = {
			isa = XCBuildConfiguration;
			buildSettings = {
				ASSETCATALOG_COMPILER_APPICON_NAME = AppIcon;
				INFOPLIST_FILE = GameRelease/Info.plist;
				LD_RUNPATH_SEARCH_PATHS = "$(inherited) @executable_path/Frameworks";
				PRODUCT_BUNDLE_IDENTIFIER = com.herrington.GameRelease;
				PRODUCT_NAME = "$(TARGET_NAME)";
			};
			name = Release;
		};
		731D79971B868E68002EF27F /* Debug */ = {
			isa = XCBuildConfiguration;
			buildSettings = {
				BUNDLE_LOADER = "$(TEST_HOST)";
				INFOPLIST_FILE = GameReleaseTests/Info.plist;
				LD_RUNPATH_SEARCH_PATHS = "$(inherited) @executable_path/Frameworks @loader_path/Frameworks";
				PRODUCT_BUNDLE_IDENTIFIER = com.herrington.GameReleaseTests;
				PRODUCT_NAME = "$(TARGET_NAME)";
				TEST_HOST = "$(BUILT_PRODUCTS_DIR)/GameRelease.app/GameRelease";
			};
			name = Debug;
		};
		731D79981B868E68002EF27F /* Release */ = {
			isa = XCBuildConfiguration;
			buildSettings = {
				BUNDLE_LOADER = "$(TEST_HOST)";
				INFOPLIST_FILE = GameReleaseTests/Info.plist;
				LD_RUNPATH_SEARCH_PATHS = "$(inherited) @executable_path/Frameworks @loader_path/Frameworks";
				PRODUCT_BUNDLE_IDENTIFIER = com.herrington.GameReleaseTests;
				PRODUCT_NAME = "$(TARGET_NAME)";
				TEST_HOST = "$(BUILT_PRODUCTS_DIR)/GameRelease.app/GameRelease";
			};
			name = Release;
		};
		731D799A1B868E68002EF27F /* Debug */ = {
			isa = XCBuildConfiguration;
			buildSettings = {
				INFOPLIST_FILE = GameReleaseUITests/Info.plist;
				LD_RUNPATH_SEARCH_PATHS = "$(inherited) @executable_path/Frameworks @loader_path/Frameworks";
				PRODUCT_BUNDLE_IDENTIFIER = com.herrington.GameReleaseUITests;
				PRODUCT_NAME = "$(TARGET_NAME)";
				TEST_TARGET_NAME = GameRelease;
				USES_XCTRUNNER = YES;
			};
			name = Debug;
		};
		731D799B1B868E68002EF27F /* Release */ = {
			isa = XCBuildConfiguration;
			buildSettings = {
				INFOPLIST_FILE = GameReleaseUITests/Info.plist;
				LD_RUNPATH_SEARCH_PATHS = "$(inherited) @executable_path/Frameworks @loader_path/Frameworks";
				PRODUCT_BUNDLE_IDENTIFIER = com.herrington.GameReleaseUITests;
				PRODUCT_NAME = "$(TARGET_NAME)";
				TEST_TARGET_NAME = GameRelease;
				USES_XCTRUNNER = YES;
			};
			name = Release;
		};
/* End XCBuildConfiguration section */

/* Begin XCConfigurationList section */
		731D79631B868E68002EF27F /* Build configuration list for PBXProject "GameRelease" */ = {
			isa = XCConfigurationList;
			buildConfigurations = (
				731D79911B868E68002EF27F /* Debug */,
				731D79921B868E68002EF27F /* Release */,
			);
			defaultConfigurationIsVisible = 0;
			defaultConfigurationName = Release;
		};
		731D79931B868E68002EF27F /* Build configuration list for PBXNativeTarget "GameRelease" */ = {
			isa = XCConfigurationList;
			buildConfigurations = (
				731D79941B868E68002EF27F /* Debug */,
				731D79951B868E68002EF27F /* Release */,
			);
			defaultConfigurationIsVisible = 0;
		};
		731D79961B868E68002EF27F /* Build configuration list for PBXNativeTarget "GameReleaseTests" */ = {
			isa = XCConfigurationList;
			buildConfigurations = (
				731D79971B868E68002EF27F /* Debug */,
				731D79981B868E68002EF27F /* Release */,
			);
			defaultConfigurationIsVisible = 0;
		};
		731D79991B868E68002EF27F /* Build configuration list for PBXNativeTarget "GameReleaseUITests" */ = {
			isa = XCConfigurationList;
			buildConfigurations = (
				731D799A1B868E68002EF27F /* Debug */,
				731D799B1B868E68002EF27F /* Release */,
			);
			defaultConfigurationIsVisible = 0;
		};
/* End XCConfigurationList section */

/* Begin XCVersionGroup section */
		731D79721B868E68002EF27F /* GameRelease.xcdatamodeld */ = {
			isa = XCVersionGroup;
			children = (
				731D79731B868E68002EF27F /* GameRelease.xcdatamodel */,
			);
			currentVersion = 731D79731B868E68002EF27F /* GameRelease.xcdatamodel */;
			path = GameRelease.xcdatamodeld;
			sourceTree = "<group>";
			versionGroupType = wrapper.xcdatamodel;
		};
/* End XCVersionGroup section */
	};
	rootObject = 731D79601B868E68002EF27F /* Project object */;
}
